
Microsoft Visual Studio Solution File, Format Version 12.00
# Visual Studio Version 17
VisualStudioVersion = 17.1.32421.90
MinimumVisualStudioVersion = 10.0.40219.1
Project("{FAE04EC0-301F-11D3-BF4B-00C04F79EFBC}") = "GeonBit", "GeonBit\GeonBit.csproj", "{7E8D53FB-E5EB-4C64-99A7-3867C1D7621E}"
EndProject
Project("{FAE04EC0-301F-11D3-BF4B-00C04F79EFBC}") = "Animations", "GeonBit\Libs\Extend\Animations\Animations.csproj", "{775B85F8-1A9A-4766-9B1B-DB3F1DA33631}"
EndProject
Project("{9A19103F-16F7-4668-BE54-9A1E7A4F7556}") = "Betreten Verboten", "Betreten Verboten\Betreten Verboten.csproj", "{4F0C1790-E472-4901-BC38-562F9206FE68}"
EndProject
Project("{9A19103F-16F7-4668-BE54-9A1E7A4F7556}") = "GeonBit.UI.DataTypes", "GeonBit\Libs\DataTypes\GeonBit.UI.DataTypes.csproj", "{E565AE63-EFFC-4019-93E8-325961284B22}"
EndProject
Project("{9A19103F-16F7-4668-BE54-9A1E7A4F7556}") = "Nez", "Nez.Portable\Nez.csproj", "{2E7F8CF8-790F-4781-A73B-222FAC71B3C7}"
EndProject
Project("{FAE04EC0-301F-11D3-BF4B-00C04F79EFBC}") = "Nez.GeonBit", "Nez.GeonBit\Nez.GeonBit.csproj", "{475008D0-13AE-46D5-A8C3-4872F0A481AF}"
EndProject
Project("{9A19103F-16F7-4668-BE54-9A1E7A4F7556}") = "Nez.ExtendedContent", "Nez.ExtendedContent\Nez.ExtendedContent.csproj", "{DB752993-1E69-4A38-B431-F515126DB8E1}"
EndProject
Global
	GlobalSection(SolutionConfigurationPlatforms) = preSolution
		Debug|Any CPU = Debug|Any CPU
		Debug|x64 = Debug|x64
		Debug|x86 = Debug|x86
		Release|Any CPU = Release|Any CPU
		Release|x64 = Release|x64
		Release|x86 = Release|x86
	EndGlobalSection
	GlobalSection(ProjectConfigurationPlatforms) = postSolution
		{7E8D53FB-E5EB-4C64-99A7-3867C1D7621E}.Debug|Any CPU.ActiveCfg = Debug|Any CPU
		{7E8D53FB-E5EB-4C64-99A7-3867C1D7621E}.Debug|Any CPU.Build.0 = Debug|Any CPU
		{7E8D53FB-E5EB-4C64-99A7-3867C1D7621E}.Debug|x64.ActiveCfg = Debug|Any CPU
		{7E8D53FB-E5EB-4C64-99A7-3867C1D7621E}.Debug|x64.Build.0 = Debug|Any CPU
		{7E8D53FB-E5EB-4C64-99A7-3867C1D7621E}.Debug|x86.ActiveCfg = Debug|Any CPU
		{7E8D53FB-E5EB-4C64-99A7-3867C1D7621E}.Debug|x86.Build.0 = Debug|Any CPU
		{7E8D53FB-E5EB-4C64-99A7-3867C1D7621E}.Release|Any CPU.ActiveCfg = Release|Any CPU
		{7E8D53FB-E5EB-4C64-99A7-3867C1D7621E}.Release|Any CPU.Build.0 = Release|Any CPU
		{7E8D53FB-E5EB-4C64-99A7-3867C1D7621E}.Release|x64.ActiveCfg = Release|Any CPU
		{7E8D53FB-E5EB-4C64-99A7-3867C1D7621E}.Release|x64.Build.0 = Release|Any CPU
		{7E8D53FB-E5EB-4C64-99A7-3867C1D7621E}.Release|x86.ActiveCfg = Release|Any CPU
		{7E8D53FB-E5EB-4C64-99A7-3867C1D7621E}.Release|x86.Build.0 = Release|Any CPU
		{775B85F8-1A9A-4766-9B1B-DB3F1DA33631}.Debug|Any CPU.ActiveCfg = Debug|Any CPU
		{775B85F8-1A9A-4766-9B1B-DB3F1DA33631}.Debug|Any CPU.Build.0 = Debug|Any CPU
		{775B85F8-1A9A-4766-9B1B-DB3F1DA33631}.Debug|x64.ActiveCfg = Debug|x64
		{775B85F8-1A9A-4766-9B1B-DB3F1DA33631}.Debug|x64.Build.0 = Debug|x64
		{775B85F8-1A9A-4766-9B1B-DB3F1DA33631}.Debug|x86.ActiveCfg = Debug|x86
		{775B85F8-1A9A-4766-9B1B-DB3F1DA33631}.Debug|x86.Build.0 = Debug|x86
		{775B85F8-1A9A-4766-9B1B-DB3F1DA33631}.Release|Any CPU.ActiveCfg = Release|Any CPU
		{775B85F8-1A9A-4766-9B1B-DB3F1DA33631}.Release|Any CPU.Build.0 = Release|Any CPU
		{775B85F8-1A9A-4766-9B1B-DB3F1DA33631}.Release|x64.ActiveCfg = Release|x64
		{775B85F8-1A9A-4766-9B1B-DB3F1DA33631}.Release|x64.Build.0 = Release|x64
		{775B85F8-1A9A-4766-9B1B-DB3F1DA33631}.Release|x86.ActiveCfg = Release|x86
		{775B85F8-1A9A-4766-9B1B-DB3F1DA33631}.Release|x86.Build.0 = Release|x86
		{4F0C1790-E472-4901-BC38-562F9206FE68}.Debug|Any CPU.ActiveCfg = Debug|Any CPU
		{4F0C1790-E472-4901-BC38-562F9206FE68}.Debug|Any CPU.Build.0 = Debug|Any CPU
		{4F0C1790-E472-4901-BC38-562F9206FE68}.Debug|x64.ActiveCfg = Debug|Any CPU
		{4F0C1790-E472-4901-BC38-562F9206FE68}.Debug|x64.Build.0 = Debug|Any CPU
		{4F0C1790-E472-4901-BC38-562F9206FE68}.Debug|x86.ActiveCfg = Debug|Any CPU
		{4F0C1790-E472-4901-BC38-562F9206FE68}.Debug|x86.Build.0 = Debug|Any CPU
		{4F0C1790-E472-4901-BC38-562F9206FE68}.Release|Any CPU.ActiveCfg = Release|Any CPU
		{4F0C1790-E472-4901-BC38-562F9206FE68}.Release|Any CPU.Build.0 = Release|Any CPU
		{4F0C1790-E472-4901-BC38-562F9206FE68}.Release|x64.ActiveCfg = Release|Any CPU
		{4F0C1790-E472-4901-BC38-562F9206FE68}.Release|x64.Build.0 = Release|Any CPU
		{4F0C1790-E472-4901-BC38-562F9206FE68}.Release|x86.ActiveCfg = Release|Any CPU
		{4F0C1790-E472-4901-BC38-562F9206FE68}.Release|x86.Build.0 = Release|Any CPU
		{E565AE63-EFFC-4019-93E8-325961284B22}.Debug|Any CPU.ActiveCfg = Debug|Any CPU
		{E565AE63-EFFC-4019-93E8-325961284B22}.Debug|Any CPU.Build.0 = Debug|Any CPU
		{E565AE63-EFFC-4019-93E8-325961284B22}.Debug|x64.ActiveCfg = Debug|Any CPU
		{E565AE63-EFFC-4019-93E8-325961284B22}.Debug|x64.Build.0 = Debug|Any CPU
		{E565AE63-EFFC-4019-93E8-325961284B22}.Debug|x86.ActiveCfg = Debug|Any CPU
		{E565AE63-EFFC-4019-93E8-325961284B22}.Debug|x86.Build.0 = Debug|Any CPU
		{E565AE63-EFFC-4019-93E8-325961284B22}.Release|Any CPU.ActiveCfg = Release|Any CPU
		{E565AE63-EFFC-4019-93E8-325961284B22}.Release|Any CPU.Build.0 = Release|Any CPU
		{E565AE63-EFFC-4019-93E8-325961284B22}.Release|x64.ActiveCfg = Release|Any CPU
		{E565AE63-EFFC-4019-93E8-325961284B22}.Release|x64.Build.0 = Release|Any CPU
		{E565AE63-EFFC-4019-93E8-325961284B22}.Release|x86.ActiveCfg = Release|Any CPU
		{E565AE63-EFFC-4019-93E8-325961284B22}.Release|x86.Build.0 = Release|Any CPU
		{2E7F8CF8-790F-4781-A73B-222FAC71B3C7}.Debug|Any CPU.ActiveCfg = Debug|Any CPU
		{2E7F8CF8-790F-4781-A73B-222FAC71B3C7}.Debug|Any CPU.Build.0 = Debug|Any CPU
		{2E7F8CF8-790F-4781-A73B-222FAC71B3C7}.Debug|x64.ActiveCfg = Debug|Any CPU
		{2E7F8CF8-790F-4781-A73B-222FAC71B3C7}.Debug|x64.Build.0 = Debug|Any CPU
		{2E7F8CF8-790F-4781-A73B-222FAC71B3C7}.Debug|x86.ActiveCfg = Debug|Any CPU
		{2E7F8CF8-790F-4781-A73B-222FAC71B3C7}.Debug|x86.Build.0 = Debug|Any CPU
		{2E7F8CF8-790F-4781-A73B-222FAC71B3C7}.Release|Any CPU.ActiveCfg = Release|Any CPU
		{2E7F8CF8-790F-4781-A73B-222FAC71B3C7}.Release|Any CPU.Build.0 = Release|Any CPU
		{2E7F8CF8-790F-4781-A73B-222FAC71B3C7}.Release|x64.ActiveCfg = Release|Any CPU
		{2E7F8CF8-790F-4781-A73B-222FAC71B3C7}.Release|x64.Build.0 = Release|Any CPU
		{2E7F8CF8-790F-4781-A73B-222FAC71B3C7}.Release|x86.ActiveCfg = Release|Any CPU
		{2E7F8CF8-790F-4781-A73B-222FAC71B3C7}.Release|x86.Build.0 = Release|Any CPU
		{475008D0-13AE-46D5-A8C3-4872F0A481AF}.Debug|Any CPU.ActiveCfg = Debug|Any CPU
		{475008D0-13AE-46D5-A8C3-4872F0A481AF}.Debug|Any CPU.Build.0 = Debug|Any CPU
		{475008D0-13AE-46D5-A8C3-4872F0A481AF}.Debug|x64.ActiveCfg = Debug|Any CPU
		{475008D0-13AE-46D5-A8C3-4872F0A481AF}.Debug|x64.Build.0 = Debug|Any CPU
		{475008D0-13AE-46D5-A8C3-4872F0A481AF}.Debug|x86.ActiveCfg = Debug|Any CPU
		{475008D0-13AE-46D5-A8C3-4872F0A481AF}.Debug|x86.Build.0 = Debug|Any CPU
		{475008D0-13AE-46D5-A8C3-4872F0A481AF}.Release|Any CPU.ActiveCfg = Release|Any CPU
		{475008D0-13AE-46D5-A8C3-4872F0A481AF}.Release|Any CPU.Build.0 = Release|Any CPU
		{475008D0-13AE-46D5-A8C3-4872F0A481AF}.Release|x64.ActiveCfg = Release|Any CPU
		{475008D0-13AE-46D5-A8C3-4872F0A481AF}.Release|x64.Build.0 = Release|Any CPU
		{475008D0-13AE-46D5-A8C3-4872F0A481AF}.Release|x86.ActiveCfg = Release|Any CPU
		{475008D0-13AE-46D5-A8C3-4872F0A481AF}.Release|x86.Build.0 = Release|Any CPU
		{DB752993-1E69-4A38-B431-F515126DB8E1}.Debug|Any CPU.ActiveCfg = Debug|Any CPU
		{DB752993-1E69-4A38-B431-F515126DB8E1}.Debug|Any CPU.Build.0 = Debug|Any CPU
		{DB752993-1E69-4A38-B431-F515126DB8E1}.Debug|x64.ActiveCfg = Debug|Any CPU
		{DB752993-1E69-4A38-B431-F515126DB8E1}.Debug|x64.Build.0 = Debug|Any CPU
		{DB752993-1E69-4A38-B431-F515126DB8E1}.Debug|x86.ActiveCfg = Debug|Any CPU
		{DB752993-1E69-4A38-B431-F515126DB8E1}.Debug|x86.Build.0 = Debug|Any CPU
		{DB752993-1E69-4A38-B431-F515126DB8E1}.Release|Any CPU.ActiveCfg = Release|Any CPU
		{DB752993-1E69-4A38-B431-F515126DB8E1}.Release|Any CPU.Build.0 = Release|Any CPU
		{DB752993-1E69-4A38-B431-F515126DB8E1}.Release|x64.ActiveCfg = Release|Any CPU
		{DB752993-1E69-4A38-B431-F515126DB8E1}.Release|x64.Build.0 = Release|Any CPU
		{DB752993-1E69-4A38-B431-F515126DB8E1}.Release|x86.ActiveCfg = Release|Any CPU
		{DB752993-1E69-4A38-B431-F515126DB8E1}.Release|x86.Build.0 = Release|Any CPU
	EndGlobalSection
	GlobalSection(SolutionProperties) = preSolution
		HideSolutionNode = FALSE
	EndGlobalSection
	GlobalSection(ExtensibilityGlobals) = postSolution
		SolutionGuid = {4EF4CB56-52B3-4B8E-B748-9662FA8D390F}
	EndGlobalSection
EndGlobal
